
Microsoft Visual Studio Solution File, Format Version 12.00
# Visual Studio Version 16
VisualStudioVersion = 16.0.29709.97
MinimumVisualStudioVersion = 10.0.40219.1
Project("{FAE04EC0-301F-11D3-BF4B-00C04F79EFBC}") = "ExtendInput", "ExtendInput\ExtendInput.csproj", "{4D027481-A0EA-41F3-9284-7353E2103CA6}"
	ProjectSection(ProjectDependencies) = postProject
		{A8CA7531-2774-4839-B89B-9343B075CCC8} = {A8CA7531-2774-4839-B89B-9343B075CCC8}
	EndProjectSection
EndProject
Project("{FAE04EC0-301F-11D3-BF4B-00C04F79EFBC}") = "ExtendInputControllerTester", "ExtendInputControllerTester\ExtendInputControllerTester.csproj", "{87EF694C-12BA-4395-A963-68C4CEAE516A}"
EndProject
Project("{FAE04EC0-301F-11D3-BF4B-00C04F79EFBC}") = "DatabaseBuilder", "DatabaseBuilder\DatabaseBuilder.csproj", "{A8CA7531-2774-4839-B89B-9343B075CCC8}"
EndProject
Global
	GlobalSection(SolutionConfigurationPlatforms) = preSolution
		Debug|Any CPU = Debug|Any CPU
		Release|Any CPU = Release|Any CPU
	EndGlobalSection
	GlobalSection(ProjectConfigurationPlatforms) = postSolution
		{4D027481-A0EA-41F3-9284-7353E2103CA6}.Debug|Any CPU.ActiveCfg = Debug|Any CPU
		{4D027481-A0EA-41F3-9284-7353E2103CA6}.Debug|Any CPU.Build.0 = Debug|Any CPU
		{4D027481-A0EA-41F3-9284-7353E2103CA6}.Release|Any CPU.ActiveCfg = Release|Any CPU
		{4D027481-A0EA-41F3-9284-7353E2103CA6}.Release|Any CPU.Build.0 = Release|Any CPU
		{87EF694C-12BA-4395-A963-68C4CEAE516A}.Debug|Any CPU.ActiveCfg = Debug|Any CPU
		{87EF694C-12BA-4395-A963-68C4CEAE516A}.Debug|Any CPU.Build.0 = Debug|Any CPU
		{87EF694C-12BA-4395-A963-68C4CEAE516A}.Release|Any CPU.ActiveCfg = Release|Any CPU
		{87EF694C-12BA-4395-A963-68C4CEAE516A}.Release|Any CPU.Build.0 = Release|Any CPU
		{A8CA7531-2774-4839-B89B-9343B075CCC8}.Debug|Any CPU.ActiveCfg = Debug|Any CPU
		{A8CA7531-2774-4839-B89B-9343B075CCC8}.Debug|Any CPU.Build.0 = Debug|Any CPU
		{A8CA7531-2774-4839-B89B-9343B075CCC8}.Release|Any CPU.ActiveCfg = Release|Any CPU
		{A8CA7531-2774-4839-B89B-9343B075CCC8}.Release|Any CPU.Build.0 = Release|Any CPU
	EndGlobalSection
	GlobalSection(SolutionProperties) = preSolution
		HideSolutionNode = FALSE
	EndGlobalSection
	GlobalSection(ExtensibilityGlobals) = postSolution
		SolutionGuid = {AFF617EA-B2BB-42AC-90D7-9533EF68AC2E}
	EndGlobalSection
EndGlobal
